// !$*UTF8*$!
{
	archiveVersion = 1;
	classes = {
	};
	objectVersion = 110;
	objects = {

/* Begin PBXContainerItemProxy section */
		40AF2A73306A2902009251E9 /* PBXContainerItemProxy */ = {
			isa = PBXContainerItemProxy;
			containerPortal = 40AF2A5D306A2900009251E9 /* Project object */;
			proxyType = 1;
			remoteGlobalIDString = 40AF2A64306A2900009251E9;
			remoteInfo = iForgotMyPassword;
		};
		40AF2A7D306A2902009251E9 /* PBXContainerItemProxy */ = {
			isa = PBXContainerItemProxy;
			containerPortal = 40AF2A5D306A2900009251E9 /* Project object */;
			proxyType = 1;
			remoteGlobalIDString = 40AF2A64306A2900009251E9;
			remoteInfo = iForgotMyPassword;
		};
/* End PBXContainerItemProxy section */

/* Begin PBXFileReference section */
		40AF2A65306A2900009251E9 /* iForgotMyPassword.app */ = {isa = PBXFileReference; explicitFileType = wrapper.application; includeInIndex = 0; path = iForgotMyPassword.app; sourceTree = BUILT_PRODUCTS_DIR; };
		40AF2A72306A2902009251E9 /* iForgotMyPasswordTests.xctest */ = {isa = PBXFileReference; explicitFileType = wrapper.cfbundle; includeInIndex = 0; path = iForgotMyPasswordTests.xctest; sourceTree = BUILT_PRODUCTS_DIR; };
		40AF2A7C306A2902009251E9 /* iForgotMyPasswordUITests.xctest */ = {isa = PBXFileReference; explicitFileType = wrapper.cfbundle; includeInIndex = 0; path = iForgotMyPasswordUITests.xctest; sourceTree = BUILT_PRODUCTS_DIR; };
/* End PBXFileReference section */

/* Begin PBXFileSystemSynchronizedRootGroup section */
		40AF2A67306A2900009251E9 /* iForgotMyPassword */ = {
			isa = PBXFileSystemSynchronizedRootGroup;
			path = iForgotMyPassword;
			sourceTree = "<group>";
		};
		40AF2A75306A2902009251E9 /* iForgotMyPasswordTests */ = {
			isa = PBXFileSystemSynchronizedRootGroup;
			path = iForgotMyPasswordTests;
			sourceTree = "<group>";
		};
		40AF2A7F306A2902009251E9 /* iForgotMyPasswordUITests */ = {
			isa = PBXFileSystemSynchronizedRootGroup;
			path = iForgotMyPasswordUITests;
			sourceTree = "<group>";
		};
/* End PBXFileSystemSynchronizedRootGroup section */

/* Begin PBXFrameworksBuildPhase section */
		40AF2A62306A2900009251E9 /* Frameworks */ = {
			isa = PBXFrameworksBuildPhase;
			files = (
			);
		};
		40AF2A6F306A2902009251E9 /* Frameworks */ = {
			isa = PBXFrameworksBuildPhase;
			files = (
			);
		};
		40AF2A79306A2902009251E9 /* Frameworks */ = {
			isa = PBXFrameworksBuildPhase;
			files = (
			);
		};
/* End PBXFrameworksBuildPhase section */

/* Begin PBXGroup section */
		40AF2A5C306A2900009251E9 = {
			isa = PBXGroup;
			children = (
				40AF2A67306A2900009251E9 /* iForgotMyPassword */,
				40AF2A75306A2902009251E9 /* iForgotMyPasswordTests */,
				40AF2A7F306A2902009251E9 /* iForgotMyPasswordUITests */,
				40AF2A66306A2900009251E9 /* Products */,
			);
			sourceTree = "<group>";
		};
		40AF2A66306A2900009251E9 /* Products */ = {
			isa = PBXGroup;
			children = (
				40AF2A65306A2900009251E9 /* iForgotMyPassword.app */,
				40AF2A72306A2902009251E9 /* iForgotMyPasswordTests.xctest */,
				40AF2A7C306A2902009251E9 /* iForgotMyPasswordUITests.xctest */,
			);
			name = Products;
			sourceTree = "<group>";
		};
/* End PBXGroup section */

/* Begin PBXNativeTarget section */
		40AF2A64306A2900009251E9 /* iForgotMyPassword */ = {
			isa = PBXNativeTarget;
			buildConfigurationList = 40AF2A84306A2902009251E9 /* Build configuration list for PBXNativeTarget "iForgotMyPassword" */;
			buildPhases = (
				40AF2A61306A2900009251E9 /* Sources */,
				40AF2A62306A2900009251E9 /* Frameworks */,
				40AF2A63306A2900009251E9 /* Resources */,
				A193F02241234321A193F022 /* Bundle hashcat */,
			);
			buildRules = (
			);
			fileSystemSynchronizedGroups = (
				40AF2A67306A2900009251E9 /* iForgotMyPassword */,
			);
			name = iForgotMyPassword;
			productName = iForgotMyPassword;
			productReference = 40AF2A65306A2900009251E9 /* iForgotMyPassword.app */;
			productType = "com.apple.product-type.application";
		};
		40AF2A71306A2902009251E9 /* iForgotMyPasswordTests */ = {
			isa = PBXNativeTarget;
			buildConfigurationList = 40AF2A87306A2902009251E9 /* Build configuration list for PBXNativeTarget "iForgotMyPasswordTests" */;
			buildPhases = (
				40AF2A6E306A2902009251E9 /* Sources */,
				40AF2A6F306A2902009251E9 /* Frameworks */,
				40AF2A70306A2902009251E9 /* Resources */,
			);
			buildRules = (
			);
			dependencies = (
				40AF2A74306A2902009251E9 /* PBXTargetDependency */,
			);
			fileSystemSynchronizedGroups = (
				40AF2A75306A2902009251E9 /* iForgotMyPasswordTests */,
			);
			name = iForgotMyPasswordTests;
			productName = iForgotMyPasswordTests;
			productReference = 40AF2A72306A2902009251E9 /* iForgotMyPasswordTests.xctest */;
			productType = "com.apple.product-type.bundle.unit-test";
		};
		40AF2A7B306A2902009251E9 /* iForgotMyPasswordUITests */ = {
			isa = PBXNativeTarget;
			buildConfigurationList = 40AF2A8A306A2902009251E9 /* Build configuration list for PBXNativeTarget "iForgotMyPasswordUITests" */;
			buildPhases = (
				40AF2A78306A2902009251E9 /* Sources */,
				40AF2A79306A2902009251E9 /* Frameworks */,
				40AF2A7A306A2902009251E9 /* Resources */,
			);
			buildRules = (
			);
			dependencies = (
				40AF2A7E306A2902009251E9 /* PBXTargetDependency */,
			);
			fileSystemSynchronizedGroups = (
				40AF2A7F306A2902009251E9 /* iForgotMyPasswordUITests */,
			);
			name = iForgotMyPasswordUITests;
			productName = iForgotMyPasswordUITests;
			productReference = 40AF2A7C306A2902009251E9 /* iForgotMyPasswordUITests.xctest */;
			productType = "com.apple.product-type.bundle.ui-testing";
		};
/* End PBXNativeTarget section */

/* Begin PBXProject section */
		40AF2A5D306A2900009251E9 /* Project object */ = {
			isa = PBXProject;
			attributes = {
				BuildIndependentTargetsInParallel = 1;
				LastSwiftUpdateCheck = 2700;
				LastUpgradeCheck = 2700;
				TargetAttributes = {
					40AF2A64306A2900009251E9 = {
						CreatedOnToolsVersion = 27.0;
					};
					40AF2A71306A2902009251E9 = {
						CreatedOnToolsVersion = 27.0;
						TestTargetID = 40AF2A64306A2900009251E9;
					};
					40AF2A7B306A2902009251E9 = {
						CreatedOnToolsVersion = 27.0;
						TestTargetID = 40AF2A64306A2900009251E9;
					};
				};
			};
			buildConfigurationList = 40AF2A60306A2900009251E9 /* Build configuration list for PBXProject "iForgotMyPassword" */;
			developmentRegion = en;
			hasScannedForEncodings = 0;
			knownRegions = (
				en,
				de,
				Base,
			);
			mainGroup = 40AF2A5C306A2900009251E9;
			minimizedProjectReferenceProxies = 1;
			preferredProjectObjectVersion = 110;
			productRefGroup = 40AF2A66306A2900009251E9 /* Products */;
			projectDirPath = "";
			projectRoot = "";
			targets = (
				40AF2A64306A2900009251E9 /* iForgotMyPassword */,
				40AF2A71306A2902009251E9 /* iForgotMyPasswordTests */,
				40AF2A7B306A2902009251E9 /* iForgotMyPasswordUITests */,
			);
		};
/* End PBXProject section */

/* Begin PBXResourcesBuildPhase section */
		40AF2A63306A2900009251E9 /* Resources */ = {
			isa = PBXResourcesBuildPhase;
			files = (
			);
		};
		40AF2A70306A2902009251E9 /* Resources */ = {
			isa = PBXResourcesBuildPhase;
			files = (
			);
		};
		40AF2A7A306A2902009251E9 /* Resources */ = {
			isa = PBXResourcesBuildPhase;
			files = (
			);
		};
/* End PBXResourcesBuildPhase section */

/* Begin PBXShellScriptBuildPhase section */
		A193F02241234321A193F022 /* Bundle hashcat */ = {
			isa = PBXShellScriptBuildPhase;
			alwaysOutOfDate = 1;
			name = "Bundle hashcat";
			shellPath = /bin/bash;
			shellScript = (
				"\"${PROJECT_DIR}/../scripts/bundle-hashcat.sh\"",
			);
		};
/* End PBXShellScriptBuildPhase section */

/* Begin PBXSourcesBuildPhase section */
		40AF2A61306A2900009251E9 /* Sources */ = {
			isa = PBXSourcesBuildPhase;
			files = (
			);
		};
		40AF2A6E306A2902009251E9 /* Sources */ = {
			isa = PBXSourcesBuildPhase;
			files = (
			);
		};
		40AF2A78306A2902009251E9 /* Sources */ = {
			isa = PBXSourcesBuildPhase;
			files = (
			);
		};
/* End PBXSourcesBuildPhase section */

/* Begin PBXTargetDependency section */
		40AF2A74306A2902009251E9 /* PBXTargetDependency */ = {
			isa = PBXTargetDependency;
			target = 40AF2A64306A2900009251E9 /* iForgotMyPassword */;
			targetProxy = 40AF2A73306A2902009251E9 /* PBXContainerItemProxy */;
		};
		40AF2A7E306A2902009251E9 /* PBXTargetDependency */ = {
			isa = PBXTargetDependency;
			target = 40AF2A64306A2900009251E9 /* iForgotMyPassword */;
			targetProxy = 40AF2A7D306A2902009251E9 /* PBXContainerItemProxy */;
		};
/* End PBXTargetDependency section */

/* Begin XCBuildConfiguration section */
		40AF2A82306A2902009251E9 /* Debug configuration for PBXProject "iForgotMyPassword" */ = {
			isa = XCBuildConfiguration;
			buildSettings = {
				ALWAYS_SEARCH_USER_PATHS = NO;
				ASSETCATALOG_COMPILER_GENERATE_SWIFT_ASSET_SYMBOL_EXTENSIONS = YES;
				CLANG_ANALYZER_NONNULL = YES;
				CLANG_ANALYZER_NUMBER_OBJECT_CONVERSION = YES_AGGRESSIVE;
				CLANG_CXX_LANGUAGE_STANDARD = "gnu++20";
				CLANG_ENABLE_MODULES = YES;
				CLANG_ENABLE_OBJC_ARC = YES;
				CLANG_ENABLE_OBJC_WEAK = YES;
				CLANG_WARN_BLOCK_CAPTURE_AUTORELEASING = YES;
				CLANG_WARN_BOOL_CONVERSION = YES;
				CLANG_WARN_COMMA = YES;
				CLANG_WARN_CONSTANT_CONVERSION = YES;
				CLANG_WARN_DEPRECATED_OBJC_IMPLEMENTATIONS = YES;
				CLANG_WARN_DIRECT_OBJC_ISA_USAGE = YES_ERROR;
				CLANG_WARN_DOCUMENTATION_COMMENTS = YES;
				CLANG_WARN_EMPTY_BODY = YES;
				CLANG_WARN_ENUM_CONVERSION = YES;
				CLANG_WARN_INFINITE_RECURSION = YES;
				CLANG_WARN_INT_CONVERSION = YES;
				CLANG_WARN_NON_LITERAL_NULL_CONVERSION = YES;
				CLANG_WARN_OBJC_IMPLICIT_RETAIN_SELF = YES;
				CLANG_WARN_OBJC_LITERAL_CONVERSION = YES;
				CLANG_WARN_OBJC_ROOT_CLASS = YES_ERROR;
				CLANG_WARN_QUOTED_INCLUDE_IN_FRAMEWORK_HEADER = YES;
				CLANG_WARN_RANGE_LOOP_ANALYSIS = YES;
				CLANG_WARN_STRICT_PROTOTYPES = YES;
				CLANG_WARN_SUSPICIOUS_MOVE = YES;
				CLANG_WARN_UNGUARDED_AVAILABILITY = YES_AGGRESSIVE;
				CLANG_WARN_UNREACHABLE_CODE = YES;
				CLANG_WARN__DUPLICATE_METHOD_MATCH = YES;
				COPY_PHASE_STRIP = NO;
				DEBUG_INFORMATION_FORMAT = dwarf;
				ENABLE_STRICT_OBJC_MSGSEND = YES;
				ENABLE_TESTABILITY = YES;
				ENABLE_USER_SCRIPT_SANDBOXING = YES;
				GCC_C_LANGUAGE_STANDARD = gnu17;
				GCC_DYNAMIC_NO_PIC = NO;
				GCC_NO_COMMON_BLOCKS = YES;
				GCC_OPTIMIZATION_LEVEL = 0;
				GCC_PREPROCESSOR_DEFINITIONS = (
					"DEBUG=1",
					"$(inherited)",
				);
				GCC_WARN_64_TO_32_BIT_CONVERSION = YES;
				GCC_WARN_ABOUT_RETURN_TYPE = YES_ERROR;
				GCC_WARN_UNDECLARED_SELECTOR = YES;
				GCC_WARN_UNINITIALIZED_AUTOS = YES_AGGRESSIVE;
				GCC_WARN_UNUSED_FUNCTION = YES;
				GCC_WARN_UNUSED_VARIABLE = YES;
				LOCALIZATION_PREFERS_STRING_CATALOGS = YES;
				MTL_ENABLE_DEBUG_INFO = INCLUDE_SOURCE;
				MTL_FAST_MATH = YES;
				ONLY_ACTIVE_ARCH = YES;
				SWIFT_ACTIVE_COMPILATION_CONDITIONS = "DEBUG $(inherited)";
				SWIFT_OPTIMIZATION_LEVEL = "-Onone";
			};
			name = Debug;
		};
		40AF2A83306A2902009251E9 /* Release configuration for PBXProject "iForgotMyPassword" */ = {
			isa = XCBuildConfiguration;
			buildSettings = {
				ALWAYS_SEARCH_USER_PATHS = NO;
				ASSETCATALOG_COMPILER_GENERATE_SWIFT_ASSET_SYMBOL_EXTENSIONS = YES;
				CLANG_ANALYZER_NONNULL = YES;
				CLANG_ANALYZER_NUMBER_OBJECT_CONVERSION = YES_AGGRESSIVE;
				CLANG_CXX_LANGUAGE_STANDARD = "gnu++20";
				CLANG_ENABLE_MODULES = YES;
				CLANG_ENABLE_OBJC_ARC = YES;
				CLANG_ENABLE_OBJC_WEAK = YES;
				CLANG_WARN_BLOCK_CAPTURE_AUTORELEASING = YES;
				CLANG_WARN_BOOL_CONVERSION = YES;
				CLANG_WARN_COMMA = YES;
				CLANG_WARN_CONSTANT_CONVERSION = YES;
				CLANG_WARN_DEPRECATED_OBJC_IMPLEMENTATIONS = YES;
				CLANG_WARN_DIRECT_OBJC_ISA_USAGE = YES_ERROR;
				CLANG_WARN_DOCUMENTATION_COMMENTS = YES;
				CLANG_WARN_EMPTY_BODY = YES;
				CLANG_WARN_ENUM_CONVERSION = YES;
				CLANG_WARN_INFINITE_RECURSION = YES;
				CLANG_WARN_INT_CONVERSION = YES;
				CLANG_WARN_NON_LITERAL_NULL_CONVERSION = YES;
				CLANG_WARN_OBJC_IMPLICIT_RETAIN_SELF = YES;
				CLANG_WARN_OBJC_LITERAL_CONVERSION = YES;
				CLANG_WARN_OBJC_ROOT_CLASS = YES_ERROR;
				CLANG_WARN_QUOTED_INCLUDE_IN_FRAMEWORK_HEADER = YES;
				CLANG_WARN_RANGE_LOOP_ANALYSIS = YES;
				CLANG_WARN_STRICT_PROTOTYPES = YES;
				CLANG_WARN_SUSPICIOUS_MOVE = YES;
				CLANG_WARN_UNGUARDED_AVAILABILITY = YES_AGGRESSIVE;
				CLANG_WARN_UNREACHABLE_CODE = YES;
				CLANG_WARN__DUPLICATE_METHOD_MATCH = YES;
				COPY_PHASE_STRIP = NO;
				DEBUG_INFORMATION_FORMAT = "dwarf-with-dsym";
				ENABLE_NS_ASSERTIONS = NO;
				ENABLE_STRICT_OBJC_MSGSEND = YES;
				ENABLE_USER_SCRIPT_SANDBOXING = YES;
				GCC_C_LANGUAGE_STANDARD = gnu17;
				GCC_NO_COMMON_BLOCKS = YES;
				GCC_WARN_64_TO_32_BIT_CONVERSION = YES;
				GCC_WARN_ABOUT_RETURN_TYPE = YES_ERROR;
				GCC_WARN_UNDECLARED_SELECTOR = YES;
				GCC_WARN_UNINITIALIZED_AUTOS = YES_AGGRESSIVE;
				GCC_WARN_UNUSED_FUNCTION = YES;
				GCC_WARN_UNUSED_VARIABLE = YES;
				LOCALIZATION_PREFERS_STRING_CATALOGS = YES;
				MTL_ENABLE_DEBUG_INFO = NO;
				MTL_FAST_MATH = YES;
				SWIFT_COMPILATION_MODE = wholemodule;
			};
			name = Release;
		};
		40AF2A85306A2902009251E9 /* Debug configuration for PBXNativeTarget "iForgotMyPassword" */ = {
			isa = XCBuildConfiguration;
			buildSettings = {
				ARCHS = arm64;
				ASSETCATALOG_COMPILER_APPICON_NAME = AppIcon;
				ASSETCATALOG_COMPILER_GLOBAL_ACCENT_COLOR_NAME = AccentColor;
				CODE_SIGN_STYLE = Automatic;
				CURRENT_PROJECT_VERSION = 1;
				ENABLE_APP_SANDBOX = NO;
				ENABLE_PREVIEWS = YES;
				ENABLE_USER_SCRIPT_SANDBOXING = NO;
				ENABLE_USER_SELECTED_FILES = readonly;
				GCC_TREAT_WARNINGS_AS_ERRORS = YES;
				GENERATE_INFOPLIST_FILE = YES;
				"INFOPLIST_KEY_UIApplicationSceneManifest_Generation[sdk=iphoneos*]" = YES;
				"INFOPLIST_KEY_UIApplicationSceneManifest_Generation[sdk=iphonesimulator*]" = YES;
				"INFOPLIST_KEY_UIApplicationSupportsIndirectInputEvents[sdk=iphoneos*]" = YES;
				"INFOPLIST_KEY_UIApplicationSupportsIndirectInputEvents[sdk=iphonesimulator*]" = YES;
				"INFOPLIST_KEY_UILaunchScreen_Generation[sdk=iphoneos*]" = YES;
				"INFOPLIST_KEY_UILaunchScreen_Generation[sdk=iphonesimulator*]" = YES;
				"INFOPLIST_KEY_UIStatusBarStyle[sdk=iphoneos*]" = UIStatusBarStyleDefault;
				"INFOPLIST_KEY_UIStatusBarStyle[sdk=iphonesimulator*]" = UIStatusBarStyleDefault;
				INFOPLIST_KEY_UISupportedInterfaceOrientations_iPad = "UIInterfaceOrientationPortrait UIInterfaceOrientationPortraitUpsideDown UIInterfaceOrientationLandscapeLeft UIInterfaceOrientationLandscapeRight";
				INFOPLIST_KEY_UISupportedInterfaceOrientations_iPhone = "UIInterfaceOrientationPortrait UIInterfaceOrientationLandscapeLeft UIInterfaceOrientationLandscapeRight";
				LD_RUNPATH_SEARCH_PATHS = "@executable_path/Frameworks";
				"LD_RUNPATH_SEARCH_PATHS[sdk=macosx*]" = "@executable_path/../Frameworks";
				MACOSX_DEPLOYMENT_TARGET = 14.0;
				MARKETING_VERSION = 1.0;
				PRODUCT_BUNDLE_IDENTIFIER = at.mat.iForgotMyPassword;
				PRODUCT_NAME = "$(TARGET_NAME)";
				REGISTER_APP_GROUPS = YES;
				SDKROOT = macosx;
				STRING_CATALOG_GENERATE_SYMBOLS = YES;
				SUPPORTED_PLATFORMS = macosx;
				SWIFT_APPROACHABLE_CONCURRENCY = YES;
				SWIFT_DEFAULT_ACTOR_ISOLATION = nonisolated;
				SWIFT_EMIT_LOC_STRINGS = YES;
				SWIFT_TREAT_WARNINGS_AS_ERRORS = YES;
				SWIFT_UPCOMING_FEATURE_MEMBER_IMPORT_VISIBILITY = YES;
				SWIFT_VERSION = 6.0;
			};
			name = Debug;
		};
		40AF2A86306A2902009251E9 /* Release configuration for PBXNativeTarget "iForgotMyPassword" */ = {
			isa = XCBuildConfiguration;
			buildSettings = {
				ARCHS = arm64;
				ASSETCATALOG_COMPILER_APPICON_NAME = AppIcon;
				ASSETCATALOG_COMPILER_GLOBAL_ACCENT_COLOR_NAME = AccentColor;
				CODE_SIGN_STYLE = Automatic;
				CURRENT_PROJECT_VERSION = 1;
				ENABLE_APP_SANDBOX = NO;
				ENABLE_PREVIEWS = YES;
				ENABLE_USER_SCRIPT_SANDBOXING = NO;
				ENABLE_USER_SELECTED_FILES = readonly;
				GCC_TREAT_WARNINGS_AS_ERRORS = YES;
				GENERATE_INFOPLIST_FILE = YES;
				"INFOPLIST_KEY_UIApplicationSceneManifest_Generation[sdk=iphoneos*]" = YES;
				"INFOPLIST_KEY_UIApplicationSceneManifest_Generation[sdk=iphonesimulator*]" = YES;
				"INFOPLIST_KEY_UIApplicationSupportsIndirectInputEvents[sdk=iphoneos*]" = YES;
				"INFOPLIST_KEY_UIApplicationSupportsIndirectInputEvents[sdk=iphonesimulator*]" = YES;
				"INFOPLIST_KEY_UILaunchScreen_Generation[sdk=iphoneos*]" = YES;
				"INFOPLIST_KEY_UILaunchScreen_Generation[sdk=iphonesimulator*]" = YES;
				"INFOPLIST_KEY_UIStatusBarStyle[sdk=iphoneos*]" = UIStatusBarStyleDefault;
				"INFOPLIST_KEY_UIStatusBarStyle[sdk=iphonesimulator*]" = UIStatusBarStyleDefault;
				INFOPLIST_KEY_UISupportedInterfaceOrientations_iPad = "UIInterfaceOrientationPortrait UIInterfaceOrientationPortraitUpsideDown UIInterfaceOrientationLandscapeLeft UIInterfaceOrientationLandscapeRight";
				INFOPLIST_KEY_UISupportedInterfaceOrientations_iPhone = "UIInterfaceOrientationPortrait UIInterfaceOrientationLandscapeLeft UIInterfaceOrientationLandscapeRight";
				LD_RUNPATH_SEARCH_PATHS = "@executable_path/Frameworks";
				"LD_RUNPATH_SEARCH_PATHS[sdk=macosx*]" = "@executable_path/../Frameworks";
				MACOSX_DEPLOYMENT_TARGET = 14.0;
				MARKETING_VERSION = 1.0;
				PRODUCT_BUNDLE_IDENTIFIER = at.mat.iForgotMyPassword;
				PRODUCT_NAME = "$(TARGET_NAME)";
				REGISTER_APP_GROUPS = YES;
				SDKROOT = macosx;
				STRING_CATALOG_GENERATE_SYMBOLS = YES;
				SUPPORTED_PLATFORMS = macosx;
				SWIFT_APPROACHABLE_CONCURRENCY = YES;
				SWIFT_DEFAULT_ACTOR_ISOLATION = nonisolated;
				SWIFT_EMIT_LOC_STRINGS = YES;
				SWIFT_TREAT_WARNINGS_AS_ERRORS = YES;
				SWIFT_UPCOMING_FEATURE_MEMBER_IMPORT_VISIBILITY = YES;
				SWIFT_VERSION = 6.0;
			};
			name = Release;
		};
		40AF2A88306A2902009251E9 /* Debug configuration for PBXNativeTarget "iForgotMyPasswordTests" */ = {
			isa = XCBuildConfiguration;
			buildSettings = {
				BUNDLE_LOADER = "$(TEST_HOST)";
				CODE_SIGN_STYLE = Automatic;
				CURRENT_PROJECT_VERSION = 1;
				GCC_TREAT_WARNINGS_AS_ERRORS = YES;
				GENERATE_INFOPLIST_FILE = YES;
				MACOSX_DEPLOYMENT_TARGET = 14.0;
				MARKETING_VERSION = 1.0;
				PRODUCT_BUNDLE_IDENTIFIER = at.mat.iForgotMyPasswordTests;
				PRODUCT_NAME = "$(TARGET_NAME)";
				SDKROOT = macosx;
				STRING_CATALOG_GENERATE_SYMBOLS = NO;
				SUPPORTED_PLATFORMS = macosx;
				SWIFT_APPROACHABLE_CONCURRENCY = YES;
				SWIFT_EMIT_LOC_STRINGS = NO;
				SWIFT_TREAT_WARNINGS_AS_ERRORS = YES;
				SWIFT_UPCOMING_FEATURE_MEMBER_IMPORT_VISIBILITY = YES;
				SWIFT_VERSION = 6.0;
				TEST_HOST = "$(BUILT_PRODUCTS_DIR)/iForgotMyPassword.app/$(BUNDLE_EXECUTABLE_FOLDER_PATH)/iForgotMyPassword";
			};
			name = Debug;
		};
		40AF2A89306A2902009251E9 /* Release configuration for PBXNativeTarget "iForgotMyPasswordTests" */ = {
			isa = XCBuildConfiguration;
			buildSettings = {
				BUNDLE_LOADER = "$(TEST_HOST)";
				CODE_SIGN_STYLE = Automatic;
				CURRENT_PROJECT_VERSION = 1;
				GCC_TREAT_WARNINGS_AS_ERRORS = YES;
				GENERATE_INFOPLIST_FILE = YES;
				MACOSX_DEPLOYMENT_TARGET = 14.0;
				MARKETING_VERSION = 1.0;
				PRODUCT_BUNDLE_IDENTIFIER = at.mat.iForgotMyPasswordTests;
				PRODUCT_NAME = "$(TARGET_NAME)";
				SDKROOT = macosx;
				STRING_CATALOG_GENERATE_SYMBOLS = NO;
				SUPPORTED_PLATFORMS = macosx;
				SWIFT_APPROACHABLE_CONCURRENCY = YES;
				SWIFT_EMIT_LOC_STRINGS = NO;
				SWIFT_TREAT_WARNINGS_AS_ERRORS = YES;
				SWIFT_UPCOMING_FEATURE_MEMBER_IMPORT_VISIBILITY = YES;
				SWIFT_VERSION = 6.0;
				TEST_HOST = "$(BUILT_PRODUCTS_DIR)/iForgotMyPassword.app/$(BUNDLE_EXECUTABLE_FOLDER_PATH)/iForgotMyPassword";
			};
			name = Release;
		};
		40AF2A8B306A2902009251E9 /* Debug configuration for PBXNativeTarget "iForgotMyPasswordUITests" */ = {
			isa = XCBuildConfiguration;
			buildSettings = {
				CODE_SIGN_STYLE = Automatic;
				CURRENT_PROJECT_VERSION = 1;
				GCC_TREAT_WARNINGS_AS_ERRORS = YES;
				GENERATE_INFOPLIST_FILE = YES;
				MACOSX_DEPLOYMENT_TARGET = 14.0;
				MARKETING_VERSION = 1.0;
				PRODUCT_BUNDLE_IDENTIFIER = at.mat.iForgotMyPasswordUITests;
				PRODUCT_NAME = "$(TARGET_NAME)";
				SDKROOT = macosx;
				STRING_CATALOG_GENERATE_SYMBOLS = NO;
				SUPPORTED_PLATFORMS = macosx;
				SWIFT_APPROACHABLE_CONCURRENCY = YES;
				SWIFT_EMIT_LOC_STRINGS = NO;
				SWIFT_TREAT_WARNINGS_AS_ERRORS = YES;
				SWIFT_UPCOMING_FEATURE_MEMBER_IMPORT_VISIBILITY = YES;
				SWIFT_VERSION = 6.0;
				TEST_TARGET_NAME = iForgotMyPassword;
			};
			name = Debug;
		};
		40AF2A8C306A2902009251E9 /* Release configuration for PBXNativeTarget "iForgotMyPasswordUITests" */ = {
			isa = XCBuildConfiguration;
			buildSettings = {
				CODE_SIGN_STYLE = Automatic;
				CURRENT_PROJECT_VERSION = 1;
				GCC_TREAT_WARNINGS_AS_ERRORS = YES;
				GENERATE_INFOPLIST_FILE = YES;
				MACOSX_DEPLOYMENT_TARGET = 14.0;
				MARKETING_VERSION = 1.0;
				PRODUCT_BUNDLE_IDENTIFIER = at.mat.iForgotMyPasswordUITests;
				PRODUCT_NAME = "$(TARGET_NAME)";
				SDKROOT = macosx;
				STRING_CATALOG_GENERATE_SYMBOLS = NO;
				SUPPORTED_PLATFORMS = macosx;
				SWIFT_APPROACHABLE_CONCURRENCY = YES;
				SWIFT_EMIT_LOC_STRINGS = NO;
				SWIFT_TREAT_WARNINGS_AS_ERRORS = YES;
				SWIFT_UPCOMING_FEATURE_MEMBER_IMPORT_VISIBILITY = YES;
				SWIFT_VERSION = 6.0;
				TEST_TARGET_NAME = iForgotMyPassword;
			};
			name = Release;
		};
/* End XCBuildConfiguration section */

/* Begin XCConfigurationList section */
		40AF2A60306A2900009251E9 /* Build configuration list for PBXProject "iForgotMyPassword" */ = {
			isa = XCConfigurationList;
			buildConfigurations = (
				40AF2A82306A2902009251E9 /* Debug configuration for PBXProject "iForgotMyPassword" */,
				40AF2A83306A2902009251E9 /* Release configuration for PBXProject "iForgotMyPassword" */,
			);
			defaultConfigurationName = Release;
		};
		40AF2A84306A2902009251E9 /* Build configuration list for PBXNativeTarget "iForgotMyPassword" */ = {
			isa = XCConfigurationList;
			buildConfigurations = (
				40AF2A85306A2902009251E9 /* Debug configuration for PBXNativeTarget "iForgotMyPassword" */,
				40AF2A86306A2902009251E9 /* Release configuration for PBXNativeTarget "iForgotMyPassword" */,
			);
			defaultConfigurationName = Release;
		};
		40AF2A87306A2902009251E9 /* Build configuration list for PBXNativeTarget "iForgotMyPasswordTests" */ = {
			isa = XCConfigurationList;
			buildConfigurations = (
				40AF2A88306A2902009251E9 /* Debug configuration for PBXNativeTarget "iForgotMyPasswordTests" */,
				40AF2A89306A2902009251E9 /* Release configuration for PBXNativeTarget "iForgotMyPasswordTests" */,
			);
			defaultConfigurationName = Release;
		};
		40AF2A8A306A2902009251E9 /* Build configuration list for PBXNativeTarget "iForgotMyPasswordUITests" */ = {
			isa = XCConfigurationList;
			buildConfigurations = (
				40AF2A8B306A2902009251E9 /* Debug configuration for PBXNativeTarget "iForgotMyPasswordUITests" */,
				40AF2A8C306A2902009251E9 /* Release configuration for PBXNativeTarget "iForgotMyPasswordUITests" */,
			);
			defaultConfigurationName = Release;
		};
/* End XCConfigurationList section */
	};
	rootObject = 40AF2A5D306A2900009251E9 /* Project object */;
	validationLevel = 1;
}
